
Microsoft Visual Studio Solution File, Format Version 12.00
# Visual Studio 15
VisualStudioVersion = 15.0.27130.2027
MinimumVisualStudioVersion = 10.0.40219.1
Project("{9A19103F-16F7-4668-BE54-9A1E7A4F7556}") = "DefensiveProgrammingFramework", "DefensiveProgrammingFramework\DefensiveProgrammingFramework.csproj", "{FB0EB106-55F9-4C59-8C9A-92FB7771B90E}"
EndProject
Project("{FAE04EC0-301F-11D3-BF4B-00C04F79EFBC}") = "DefensiveProgrammingFramework.Test", "..\Test\DefensiveProgrammingFramework.Test\DefensiveProgrammingFramework.Test.csproj", "{C0F5F509-24CD-4E7F-9EC6-A6E93A661F75}"
EndProject
Global
	GlobalSection(SolutionConfigurationPlatforms) = preSolution
		Debug|Any CPU = Debug|Any CPU
		Release|Any CPU = Release|Any CPU
	EndGlobalSection
	GlobalSection(ProjectConfigurationPlatforms) = postSolution
		{FB0EB106-55F9-4C59-8C9A-92FB7771B90E}.Debug|Any CPU.ActiveCfg = Debug|Any CPU
		{FB0EB106-55F9-4C59-8C9A-92FB7771B90E}.Debug|Any CPU.Build.0 = Debug|Any CPU
		{FB0EB106-55F9-4C59-8C9A-92FB7771B90E}.Release|Any CPU.ActiveCfg = Release|Any CPU
		{FB0EB106-55F9-4C59-8C9A-92FB7771B90E}.Release|Any CPU.Build.0 = Release|Any CPU
		{C0F5F509-24CD-4E7F-9EC6-A6E93A661F75}.Debug|Any CPU.ActiveCfg = Debug|Any CPU
		{C0F5F509-24CD-4E7F-9EC6-A6E93A661F75}.Debug|Any CPU.Build.0 = Debug|Any CPU
		{C0F5F509-24CD-4E7F-9EC6-A6E93A661F75}.Release|Any CPU.ActiveCfg = Release|Any CPU
		{C0F5F509-24CD-4E7F-9EC6-A6E93A661F75}.Release|Any CPU.Build.0 = Release|Any CPU
	EndGlobalSection
	GlobalSection(SolutionProperties) = preSolution
		HideSolutionNode = FALSE
	EndGlobalSection
	GlobalSection(ExtensibilityGlobals) = postSolution
		SolutionGuid = {2AF71991-7F70-459B-BA03-69604E42D457}
	EndGlobalSection
EndGlobal
